
Microsoft Visual Studio Solution File, Format Version 12.00
# Visual Studio 15
VisualStudioVersion = 15.0.26430.13
MinimumVisualStudioVersion = 10.0.40219.1
Project("{FAE04EC0-301F-11D3-BF4B-00C04F79EFBC}") = "GildedRose", "GildedRose\GildedRose.csproj", "{680CF8AA-0BBB-4CDA-9AC2-13A11DF9A787}"
EndProject
Project("{FAE04EC0-301F-11D3-BF4B-00C04F79EFBC}") = "GildedRoseTests", "GildedRoseTests\GildedRoseTests.csproj", "{CF7DF788-B747-415A-8E7C-524973AFF005}"
EndProject
Global
	GlobalSection(SolutionConfigurationPlatforms) = preSolution
		Debug|Any CPU = Debug|Any CPU
		Release|Any CPU = Release|Any CPU
	EndGlobalSection
	GlobalSection(ProjectConfigurationPlatforms) = postSolution
		{680CF8AA-0BBB-4CDA-9AC2-13A11DF9A787}.Debug|Any CPU.ActiveCfg = Debug|Any CPU
		{680CF8AA-0BBB-4CDA-9AC2-13A11DF9A787}.Debug|Any CPU.Build.0 = Debug|Any CPU
		{680CF8AA-0BBB-4CDA-9AC2-13A11DF9A787}.Release|Any CPU.ActiveCfg = Release|Any CPU
		{680CF8AA-0BBB-4CDA-9AC2-13A11DF9A787}.Release|Any CPU.Build.0 = Release|Any CPU
		{CF7DF788-B747-415A-8E7C-524973AFF005}.Debug|Any CPU.ActiveCfg = Debug|Any CPU
		{CF7DF788-B747-415A-8E7C-524973AFF005}.Debug|Any CPU.Build.0 = Debug|Any CPU
		{CF7DF788-B747-415A-8E7C-524973AFF005}.Release|Any CPU.ActiveCfg = Release|Any CPU
		{CF7DF788-B747-415A-8E7C-524973AFF005}.Release|Any CPU.Build.0 = Release|Any CPU
	EndGlobalSection
	GlobalSection(SolutionProperties) = preSolution
		HideSolutionNode = FALSE
	EndGlobalSection
EndGlobal
